{
  "originHash" : "8a658d06fff3d6f448b0b6a7db61ee72d8310a22b2c7aab78149dbcfec068895",
  "pins" : [
    {
      "identity" : "charts",
      "kind" : "remoteSourceControl",
      "location" : "https://github.com/danielgindi/Charts.git",
      "state" : {
        "revision" : "dd9c72e3d7e751e769971092a6bd72d39198ae63",
        "version" : "5.1.0"
      }
    },
    {
      "identity" : "lottie-ios",
      "kind" : "remoteSourceControl",
      "location" : "https://github.com/airbnb/lottie-ios.git",
      "state" : {
        "revision" : "7fe8b6f697ae7db4bf0df270119592cb5d502848",
        "version" : "4.4.1"
      }
    }
  ],
  "version" : 3
}
